// !$*UTF8*$!
{
	archiveVersion = 1;
	classes = {
	};
	objectVersion = 46;
	objects = {

/* Begin PBXBuildFile section */
		F9F6E3C21A9A267D00707417 /* AppDelegate.swift in Sources */ = {isa = PBXBuildFile; fileRef = F9F6E3C11A9A267D00707417 /* AppDelegate.swift */; };
		F9F6E3C51A9A267D00707417 /* LetsDrop.xcdatamodeld in Sources */ = {isa = PBXBuildFile; fileRef = F9F6E3C31A9A267D00707417 /* LetsDrop.xcdatamodeld */; };
		F9F6E3C71A9A267D00707417 /* ViewController.swift in Sources */ = {isa = PBXBuildFile; fileRef = F9F6E3C61A9A267D00707417 /* ViewController.swift */; };
		F9F6E3CA1A9A267D00707417 /* Main.storyboard in Resources */ = {isa = PBXBuildFile; fileRef = F9F6E3C81A9A267D00707417 /* Main.storyboard */; };
		F9F6E3CC1A9A267D00707417 /* Images.xcassets in Resources */ = {isa = PBXBuildFile; fileRef = F9F6E3CB1A9A267D00707417 /* Images.xcassets */; };
		F9F6E3CF1A9A267D00707417 /* LaunchScreen.xib in Resources */ = {isa = PBXBuildFile; fileRef = F9F6E3CD1A9A267D00707417 /* LaunchScreen.xib */; };
		F9F6E3DB1A9A267D00707417 /* LetsDropTests.swift in Sources */ = {isa = PBXBuildFile; fileRef = F9F6E3DA1A9A267D00707417 /* LetsDropTests.swift */; };
/* End PBXBuildFile section */

/* Begin PBXContainerItemProxy section */
		F9F6E3D51A9A267D00707417 /* PBXContainerItemProxy */ = {
			isa = PBXContainerItemProxy;
			containerPortal = F9F6E3B41A9A267D00707417 /* Project object */;
			proxyType = 1;
			remoteGlobalIDString = F9F6E3BB1A9A267D00707417;
			remoteInfo = LetsDrop;
		};
/* End PBXContainerItemProxy section */

/* Begin PBXFileReference section */
		F9F6E3BC1A9A267D00707417 /* LetsDrop.app */ = {isa = PBXFileReference; explicitFileType = wrapper.application; includeInIndex = 0; path = LetsDrop.app; sourceTree = BUILT_PRODUCTS_DIR; };
		F9F6E3C01A9A267D00707417 /* Info.plist */ = {isa = PBXFileReference; lastKnownFileType = text.plist.xml; path = Info.plist; sourceTree = "<group>"; };
		F9F6E3C11A9A267D00707417 /* AppDelegate.swift */ = {isa = PBXFileReference; lastKnownFileType = sourcecode.swift; path = AppDelegate.swift; sourceTree = "<group>"; };
		F9F6E3C41A9A267D00707417 /* LetsDrop.xcdatamodel */ = {isa = PBXFileReference; lastKnownFileType = wrapper.xcdatamodel; path = LetsDrop.xcdatamodel; sourceTree = "<group>"; };
		F9F6E3C61A9A267D00707417 /* ViewController.swift */ = {isa = PBXFileReference; lastKnownFileType = sourcecode.swift; path = ViewController.swift; sourceTree = "<group>"; };
		F9F6E3C91A9A267D00707417 /* Base */ = {isa = PBXFileReference; lastKnownFileType = file.storyboard; name = Base; path = Base.lproj/Main.storyboard; sourceTree = "<group>"; };
		F9F6E3CB1A9A267D00707417 /* Images.xcassets */ = {isa = PBXFileReference; lastKnownFileType = folder.assetcatalog; path = Images.xcassets; sourceTree = "<group>"; };
		F9F6E3CE1A9A267D00707417 /* Base */ = {isa = PBXFileReference; lastKnownFileType = file.xib; name = Base; path = Base.lproj/LaunchScreen.xib; sourceTree = "<group>"; };
		F9F6E3D41A9A267D00707417 /* LetsDropTests.xctest */ = {isa = PBXFileReference; explicitFileType = wrapper.cfbundle; includeInIndex = 0; path = LetsDropTests.xctest; sourceTree = BUILT_PRODUCTS_DIR; };
		F9F6E3D91A9A267D00707417 /* Info.plist */ = {isa = PBXFileReference; lastKnownFileType = text.plist.xml; path = Info.plist; sourceTree = "<group>"; };
		F9F6E3DA1A9A267D00707417 /* LetsDropTests.swift */ = {isa = PBXFileReference; lastKnownFileType = sourcecode.swift; path = LetsDropTests.swift; sourceTree = "<group>"; };
/* End PBXFileReference section */

/* Begin PBXFrameworksBuildPhase section */
		F9F6E3B91A9A267D00707417 /* Frameworks */ = {
			isa = PBXFrameworksBuildPhase;
			buildActionMask = 2147483647;
			files = (
			);
			runOnlyForDeploymentPostprocessing = 0;
		};
		F9F6E3D11A9A267D00707417 /* Frameworks */ = {
			isa = PBXFrameworksBuildPhase;
			buildActionMask = 2147483647;
			files = (
			);
			runOnlyForDeploymentPostprocessing = 0;
		};
/* End PBXFrameworksBuildPhase section */

/* Begin PBXGroup section */
		F9F6E3B31A9A267D00707417 = {
			isa = PBXGroup;
			children = (
				F9F6E3BE1A9A267D00707417 /* LetsDrop */,
				F9F6E3D71A9A267D00707417 /* LetsDropTests */,
				F9F6E3BD1A9A267D00707417 /* Products */,
			);
			sourceTree = "<group>";
		};
		F9F6E3BD1A9A267D00707417 /* Products */ = {
			isa = PBXGroup;
			children = (
				F9F6E3BC1A9A267D00707417 /* LetsDrop.app */,
				F9F6E3D41A9A267D00707417 /* LetsDropTests.xctest */,
			);
			name = Products;
			sourceTree = "<group>";
		};
		F9F6E3BE1A9A267D00707417 /* LetsDrop */ = {
			isa = PBXGroup;
			children = (
				F9F6E3C11A9A267D00707417 /* AppDelegate.swift */,
				F9F6E3C61A9A267D00707417 /* ViewController.swift */,
				F9F6E3C81A9A267D00707417 /* Main.storyboard */,
				F9F6E3CB1A9A267D00707417 /* Images.xcassets */,
				F9F6E3CD1A9A267D00707417 /* LaunchScreen.xib */,
				F9F6E3C31A9A267D00707417 /* LetsDrop.xcdatamodeld */,
				F9F6E3BF1A9A267D00707417 /* Supporting Files */,
			);
			path = LetsDrop;
			sourceTree = "<group>";
		};
		F9F6E3BF1A9A267D00707417 /* Supporting Files */ = {
			isa = PBXGroup;
			children = (
				F9F6E3C01A9A267D00707417 /* Info.plist */,
			);
			name = "Supporting Files";
			sourceTree = "<group>";
		};
		F9F6E3D71A9A267D00707417 /* LetsDropTests */ = {
			isa = PBXGroup;
			children = (
				F9F6E3DA1A9A267D00707417 /* LetsDropTests.swift */,
				F9F6E3D81A9A267D00707417 /* Supporting Files */,
			);
			path = LetsDropTests;
			sourceTree = "<group>";
		};
		F9F6E3D81A9A267D00707417 /* Supporting Files */ = {
			isa = PBXGroup;
			children = (
				F9F6E3D91A9A267D00707417 /* Info.plist */,
			);
			name = "Supporting Files";
			sourceTree = "<group>";
		};
/* End PBXGroup section */

/* Begin PBXNativeTarget section */
		F9F6E3BB1A9A267D00707417 /* LetsDrop */ = {
			isa = PBXNativeTarget;
			buildConfigurationList = F9F6E3DE1A9A267D00707417 /* Build configuration list for PBXNativeTarget "LetsDrop" */;
			buildPhases = (
				F9F6E3B81A9A267D00707417 /* Sources */,
				F9F6E3B91A9A267D00707417 /* Frameworks */,
				F9F6E3BA1A9A267D00707417 /* Resources */,
			);
			buildRules = (
			);
			dependencies = (
			);
			name = LetsDrop;
			productName = LetsDrop;
			productReference = F9F6E3BC1A9A267D00707417 /* LetsDrop.app */;
			productType = "com.apple.product-type.application";
		};
		F9F6E3D31A9A267D00707417 /* LetsDropTests */ = {
			isa = PBXNativeTarget;
			buildConfigurationList = F9F6E3E11A9A267D00707417 /* Build configuration list for PBXNativeTarget "LetsDropTests" */;
			buildPhases = (
				F9F6E3D01A9A267D00707417 /* Sources */,
				F9F6E3D11A9A267D00707417 /* Frameworks */,
				F9F6E3D21A9A267D00707417 /* Resources */,
			);
			buildRules = (
			);
			dependencies = (
				F9F6E3D61A9A267D00707417 /* PBXTargetDependency */,
			);
			name = LetsDropTests;
			productName = LetsDropTests;
			productReference = F9F6E3D41A9A267D00707417 /* LetsDropTests.xctest */;
			productType = "com.apple.product-type.bundle.unit-test";
		};
/* End PBXNativeTarget section */

/* Begin PBXProject section */
		F9F6E3B41A9A267D00707417 /* Project object */ = {
			isa = PBXProject;
			attributes = {
				LastUpgradeCheck = 0610;
				ORGANIZATIONNAME = "Maxime Berthelot";
				TargetAttributes = {
					F9F6E3BB1A9A267D00707417 = {
						CreatedOnToolsVersion = 6.1.1;
					};
					F9F6E3D31A9A267D00707417 = {
						CreatedOnToolsVersion = 6.1.1;
						TestTargetID = F9F6E3BB1A9A267D00707417;
					};
				};
			};
			buildConfigurationList = F9F6E3B71A9A267D00707417 /* Build configuration list for PBXProject "LetsDrop" */;
			compatibilityVersion = "Xcode 3.2";
			developmentRegion = English;
			hasScannedForEncodings = 0;
			knownRegions = (
				en,
				Base,
			);
			mainGroup = F9F6E3B31A9A267D00707417;
			productRefGroup = F9F6E3BD1A9A267D00707417 /* Products */;
			projectDirPath = "";
			projectRoot = "";
			targets = (
				F9F6E3BB1A9A267D00707417 /* LetsDrop */,
				F9F6E3D31A9A267D00707417 /* LetsDropTests */,
			);
		};
/* End PBXProject section */

/* Begin PBXResourcesBuildPhase section */
		F9F6E3BA1A9A267D00707417 /* Resources */ = {
			isa = PBXResourcesBuildPhase;
			buildActionMask = 2147483647;
			files = (
				F9F6E3CA1A9A267D00707417 /* Main.storyboard in Resources */,
				F9F6E3CF1A9A267D00707417 /* LaunchScreen.xib in Resources */,
				F9F6E3CC1A9A267D00707417 /* Images.xcassets in Resources */,
			);
			runOnlyForDeploymentPostprocessing = 0;
		};
		F9F6E3D21A9A267D00707417 /* Resources */ = {
			isa = PBXResourcesBuildPhase;
			buildActionMask = 2147483647;
			files = (
			);
			runOnlyForDeploymentPostprocessing = 0;
		};
/* End PBXResourcesBuildPhase section */

/* Begin PBXSourcesBuildPhase section */
		F9F6E3B81A9A267D00707417 /* Sources */ = {
			isa = PBXSourcesBuildPhase;
			buildActionMask = 2147483647;
			files = (
				F9F6E3C71A9A267D00707417 /* ViewController.swift in Sources */,
				F9F6E3C51A9A267D00707417 /* LetsDrop.xcdatamodeld in Sources */,
				F9F6E3C21A9A267D00707417 /* AppDelegate.swift in Sources */,
			);
			runOnlyForDeploymentPostprocessing = 0;
		};
		F9F6E3D01A9A267D00707417 /* Sources */ = {
			isa = PBXSourcesBuildPhase;
			buildActionMask = 2147483647;
			files = (
				F9F6E3DB1A9A267D00707417 /* LetsDropTests.swift in Sources */,
			);
			runOnlyForDeploymentPostprocessing = 0;
		};
/* End PBXSourcesBuildPhase section */

/* Begin PBXTargetDependency section */
		F9F6E3D61A9A267D00707417 /* PBXTargetDependency */ = {
			isa = PBXTargetDependency;
			target = F9F6E3BB1A9A267D00707417 /* LetsDrop */;
			targetProxy = F9F6E3D51A9A267D00707417 /* PBXContainerItemProxy */;
		};
/* End PBXTargetDependency section */

/* Begin PBXVariantGroup section */
		F9F6E3C81A9A267D00707417 /* Main.storyboard */ = {
			isa = PBXVariantGroup;
			children = (
				F9F6E3C91A9A267D00707417 /* Base */,
			);
			name = Main.storyboard;
			sourceTree = "<group>";
		};
		F9F6E3CD1A9A267D00707417 /* LaunchScreen.xib */ = {
			isa = PBXVariantGroup;
			children = (
				F9F6E3CE1A9A267D00707417 /* Base */,
			);
			name = LaunchScreen.xib;
			sourceTree = "<group>";
		};
/* End PBXVariantGroup section */

/* Begin XCBuildConfiguration section */
		F9F6E3DC1A9A267D00707417 /* Debug */ = {
			isa = XCBuildConfiguration;
			buildSettings = {
				ALWAYS_SEARCH_USER_PATHS = NO;
				CLANG_CXX_LANGUAGE_STANDARD = "gnu++0x";
				CLANG_CXX_LIBRARY = "libc++";
				CLANG_ENABLE_MODULES = YES;
				CLANG_ENABLE_OBJC_ARC = YES;
				CLANG_WARN_BOOL_CONVERSION = YES;
				CLANG_WARN_CONSTANT_CONVERSION = YES;
				CLANG_WARN_DIRECT_OBJC_ISA_USAGE = YES_ERROR;
				CLANG_WARN_EMPTY_BODY = YES;
				CLANG_WARN_ENUM_CONVERSION = YES;
				CLANG_WARN_INT_CONVERSION = YES;
				CLANG_WARN_OBJC_ROOT_CLASS = YES_ERROR;
				CLANG_WARN_UNREACHABLE_CODE = YES;
				CLANG_WARN__DUPLICATE_METHOD_MATCH = YES;
				"CODE_SIGN_IDENTITY[sdk=iphoneos*]" = "iPhone Developer";
				COPY_PHASE_STRIP = NO;
				ENABLE_STRICT_OBJC_MSGSEND = YES;
				GCC_C_LANGUAGE_STANDARD = gnu99;
				GCC_DYNAMIC_NO_PIC = NO;
				GCC_OPTIMIZATION_LEVEL = 0;
				GCC_PREPROCESSOR_DEFINITIONS = (
					"DEBUG=1",
					"$(inherited)",
				);
				GCC_SYMBOLS_PRIVATE_EXTERN = NO;
				GCC_WARN_64_TO_32_BIT_CONVERSION = YES;
				GCC_WARN_ABOUT_RETURN_TYPE = YES_ERROR;
				GCC_WARN_UNDECLARED_SELECTOR = YES;
				GCC_WARN_UNINITIALIZED_AUTOS = YES_AGGRESSIVE;
				GCC_WARN_UNUSED_FUNCTION = YES;
				GCC_WARN_UNUSED_VARIABLE = YES;
				IPHONEOS_DEPLOYMENT_TARGET = 8.1;
				MTL_ENABLE_DEBUG_INFO = YES;
				ONLY_ACTIVE_ARCH = YES;
				SDKROOT = iphoneos;
				SWIFT_OPTIMIZATION_LEVEL = "-Onone";
			};
			name = Debug;
		};
		F9F6E3DD1A9A267D00707417 /* Release */ = {
			isa = XCBuildConfiguration;
			buildSettings = {
				ALWAYS_SEARCH_USER_PATHS = NO;
				CLANG_CXX_LANGUAGE_STANDARD = "gnu++0x";
				CLANG_CXX_LIBRARY = "libc++";
				CLANG_ENABLE_MODULES = YES;
				CLANG_ENABLE_OBJC_ARC = YES;
				CLANG_WARN_BOOL_CONVERSION = YES;
				CLANG_WARN_CONSTANT_CONVERSION = YES;
				CLANG_WARN_DIRECT_OBJC_ISA_USAGE = YES_ERROR;
				CLANG_WARN_EMPTY_BODY = YES;
				CLANG_WARN_ENUM_CONVERSION = YES;
				CLANG_WARN_INT_CONVERSION = YES;
				CLANG_WARN_OBJC_ROOT_CLASS = YES_ERROR;
				CLANG_WARN_UNREACHABLE_CODE = YES;
				CLANG_WARN__DUPLICATE_METHOD_MATCH = YES;
				"CODE_SIGN_IDENTITY[sdk=iphoneos*]" = "iPhone Developer";
				COPY_PHASE_STRIP = YES;
				ENABLE_NS_ASSERTIONS = NO;
				ENABLE_STRICT_OBJC_MSGSEND = YES;
				GCC_C_LANGUAGE_STANDARD = gnu99;
				GCC_WARN_64_TO_32_BIT_CONVERSION = YES;
				GCC_WARN_ABOUT_RETURN_TYPE = YES_ERROR;
				GCC_WARN_UNDECLARED_SELECTOR = YES;
				GCC_WARN_UNINITIALIZED_AUTOS = YES_AGGRESSIVE;
				GCC_WARN_UNUSED_FUNCTION = YES;
				GCC_WARN_UNUSED_VARIABLE = YES;
				IPHONEOS_DEPLOYMENT_TARGET = 8.1;
				MTL_ENABLE_DEBUG_INFO = NO;
				SDKROOT = iphoneos;
				VALIDATE_PRODUCT = YES;
			};
			name = Release;
		};
		F9F6E3DF1A9A267D00707417 /* Debug */ = {
			isa = XCBuildConfiguration;
			buildSettings = {
				ASSETCATALOG_COMPILER_APPICON_NAME = AppIcon;
				INFOPLIST_FILE = LetsDrop/Info.plist;
				LD_RUNPATH_SEARCH_PATHS = "$(inherited) @executable_path/Frameworks";
				PRODUCT_NAME = "$(TARGET_NAME)";
			};
			name = Debug;
		};
		F9F6E3E01A9A267D00707417 /* Release */ = {
			isa = XCBuildConfiguration;
			buildSettings = {
				ASSETCATALOG_COMPILER_APPICON_NAME = AppIcon;
				INFOPLIST_FILE = LetsDrop/Info.plist;
				LD_RUNPATH_SEARCH_PATHS = "$(inherited) @executable_path/Frameworks";
				PRODUCT_NAME = "$(TARGET_NAME)";
			};
			name = Release;
		};
		F9F6E3E21A9A267D00707417 /* Debug */ = {
			isa = XCBuildConfiguration;
			buildSettings = {
				BUNDLE_LOADER = "$(TEST_HOST)";
				FRAMEWORK_SEARCH_PATHS = (
					"$(SDKROOT)/Developer/Library/Frameworks",
					"$(inherited)",
				);
				GCC_PREPROCESSOR_DEFINITIONS = (
					"DEBUG=1",
					"$(inherited)",
				);
				INFOPLIST_FILE = LetsDropTests/Info.plist;
				LD_RUNPATH_SEARCH_PATHS = "$(inherited) @executable_path/Frameworks @loader_path/Frameworks";
				PRODUCT_NAME = "$(TARGET_NAME)";
				TEST_HOST = "$(BUILT_PRODUCTS_DIR)/LetsDrop.app/LetsDrop";
			};
			name = Debug;
		};
		F9F6E3E31A9A267D00707417 /* Release */ = {
			isa = XCBuildConfiguration;
			buildSettings = {
				BUNDLE_LOADER = "$(TEST_HOST)";
				FRAMEWORK_SEARCH_PATHS = (
					"$(SDKROOT)/Developer/Library/Frameworks",
					"$(inherited)",
				);
				INFOPLIST_FILE = LetsDropTests/Info.plist;
				LD_RUNPATH_SEARCH_PATHS = "$(inherited) @executable_path/Frameworks @loader_path/Frameworks";
				PRODUCT_NAME = "$(TARGET_NAME)";
				TEST_HOST = "$(BUILT_PRODUCTS_DIR)/LetsDrop.app/LetsDrop";
			};
			name = Release;
		};
/* End XCBuildConfiguration section */

/* Begin XCConfigurationList section */
		F9F6E3B71A9A267D00707417 /* Build configuration list for PBXProject "LetsDrop" */ = {
			isa = XCConfigurationList;
			buildConfigurations = (
				F9F6E3DC1A9A267D00707417 /* Debug */,
				F9F6E3DD1A9A267D00707417 /* Release */,
			);
			defaultConfigurationIsVisible = 0;
			defaultConfigurationName = Release;
		};
		F9F6E3DE1A9A267D00707417 /* Build configuration list for PBXNativeTarget "LetsDrop" */ = {
			isa = XCConfigurationList;
			buildConfigurations = (
				F9F6E3DF1A9A267D00707417 /* Debug */,
				F9F6E3E01A9A267D00707417 /* Release */,
			);
			defaultConfigurationIsVisible = 0;
		};
		F9F6E3E11A9A267D00707417 /* Build configuration list for PBXNativeTarget "LetsDropTests" */ = {
			isa = XCConfigurationList;
			buildConfigurations = (
				F9F6E3E21A9A267D00707417 /* Debug */,
				F9F6E3E31A9A267D00707417 /* Release */,
			);
			defaultConfigurationIsVisible = 0;
		};
/* End XCConfigurationList section */

/* Begin XCVersionGroup section */
		F9F6E3C31A9A267D00707417 /* LetsDrop.xcdatamodeld */ = {
			isa = XCVersionGroup;
			children = (
				F9F6E3C41A9A267D00707417 /* LetsDrop.xcdatamodel */,
			);
			currentVersion = F9F6E3C41A9A267D00707417 /* LetsDrop.xcdatamodel */;
			path = LetsDrop.xcdatamodeld;
			sourceTree = "<group>";
			versionGroupType = wrapper.xcdatamodel;
		};
/* End XCVersionGroup section */
	};
	rootObject = F9F6E3B41A9A267D00707417 /* Project object */;
}
