// !$*UTF8*$!
{
	archiveVersion = 1;
	classes = {
	};
	objectVersion = 46;
	objects = {

/* Begin PBXBuildFile section */
		C12D27781A9AAA730086CE66 /* Main.storyboard in Resources */ = {isa = PBXBuildFile; fileRef = C12D27761A9AAA730086CE66 /* Main.storyboard */; };
		C12D277B1A9AAA830086CE66 /* LaunchScreen.xib in Resources */ = {isa = PBXBuildFile; fileRef = C12D27791A9AAA830086CE66 /* LaunchScreen.xib */; };
		C1493B6F1A9AA8DE0013A7AD /* RAMBounceAnimation.swift in Sources */ = {isa = PBXBuildFile; fileRef = C1493B641A9AA8DE0013A7AD /* RAMBounceAnimation.swift */; };
		C1493B701A9AA8DE0013A7AD /* RAMFrameItemAnimation.swift in Sources */ = {isa = PBXBuildFile; fileRef = C1493B661A9AA8DE0013A7AD /* RAMFrameItemAnimation.swift */; };
		C1493B711A9AA8DE0013A7AD /* RAMFumeAnimation.swift in Sources */ = {isa = PBXBuildFile; fileRef = C1493B681A9AA8DE0013A7AD /* RAMFumeAnimation.swift */; };
		C1493B721A9AA8DE0013A7AD /* RAMRotationAnimation.swift in Sources */ = {isa = PBXBuildFile; fileRef = C1493B6A1A9AA8DE0013A7AD /* RAMRotationAnimation.swift */; };
		C1493B731A9AA8DE0013A7AD /* RAMTransitionItemAnimation.swift in Sources */ = {isa = PBXBuildFile; fileRef = C1493B6C1A9AA8DE0013A7AD /* RAMTransitionItemAnimation.swift */; };
		C1493B741A9AA8DE0013A7AD /* RAMAnimatedTabBarController.swift in Sources */ = {isa = PBXBuildFile; fileRef = C1493B6D1A9AA8DE0013A7AD /* RAMAnimatedTabBarController.swift */; };
		C1493B751A9AA8DE0013A7AD /* RAMItemAnimationProtocol.swift in Sources */ = {isa = PBXBuildFile; fileRef = C1493B6E1A9AA8DE0013A7AD /* RAMItemAnimationProtocol.swift */; };
		C15A45EF1A9A33460012CE29 /* login.storyboard in Resources */ = {isa = PBXBuildFile; fileRef = C15A45EE1A9A33460012CE29 /* login.storyboard */; };
		C15A45F31A9A33AC0012CE29 /* LoginViewController.swift in Sources */ = {isa = PBXBuildFile; fileRef = C15A45F21A9A33AC0012CE29 /* LoginViewController.swift */; };
		C15A46151A9A400A0012CE29 /* Lolita ExtraLight.otf in Resources */ = {isa = PBXBuildFile; fileRef = C15A460B1A9A400A0012CE29 /* Lolita ExtraLight.otf */; };
		C15A46161A9A400A0012CE29 /* Lolita SemiBold.otf in Resources */ = {isa = PBXBuildFile; fileRef = C15A460C1A9A400A0012CE29 /* Lolita SemiBold.otf */; };
		C15A46171A9A400A0012CE29 /* LolitaBlack.otf in Resources */ = {isa = PBXBuildFile; fileRef = C15A460D1A9A400A0012CE29 /* LolitaBlack.otf */; };
		C15A46181A9A400A0012CE29 /* LolitaBold.otf in Resources */ = {isa = PBXBuildFile; fileRef = C15A460E1A9A400A0012CE29 /* LolitaBold.otf */; };
		C15A46191A9A400A0012CE29 /* LolitaBook.otf in Resources */ = {isa = PBXBuildFile; fileRef = C15A460F1A9A400A0012CE29 /* LolitaBook.otf */; };
		C15A461A1A9A400A0012CE29 /* LolitaHeavy.otf in Resources */ = {isa = PBXBuildFile; fileRef = C15A46101A9A400A0012CE29 /* LolitaHeavy.otf */; };
		C15A461B1A9A400A0012CE29 /* LolitaLight.otf in Resources */ = {isa = PBXBuildFile; fileRef = C15A46111A9A400A0012CE29 /* LolitaLight.otf */; };
		C15A461C1A9A400A0012CE29 /* LolitaMedium.otf in Resources */ = {isa = PBXBuildFile; fileRef = C15A46121A9A400A0012CE29 /* LolitaMedium.otf */; };
		C15A461D1A9A400A0012CE29 /* LolitaThin.otf in Resources */ = {isa = PBXBuildFile; fileRef = C15A46131A9A400A0012CE29 /* LolitaThin.otf */; };
		C15A461E1A9A400A0012CE29 /* LolitaUltra.otf in Resources */ = {isa = PBXBuildFile; fileRef = C15A46141A9A400A0012CE29 /* LolitaUltra.otf */; };
		C15A463E1A9A40760012CE29 /* BlurView.swift in Sources */ = {isa = PBXBuildFile; fileRef = C15A46231A9A40760012CE29 /* BlurView.swift */; };
		C15A463F1A9A40760012CE29 /* Data.swift in Sources */ = {isa = PBXBuildFile; fileRef = C15A46241A9A40760012CE29 /* Data.swift */; };
		C15A46401A9A40760012CE29 /* DesignableButton.swift in Sources */ = {isa = PBXBuildFile; fileRef = C15A46251A9A40760012CE29 /* DesignableButton.swift */; };
		C15A46411A9A40760012CE29 /* DesignableImageView.swift in Sources */ = {isa = PBXBuildFile; fileRef = C15A46261A9A40760012CE29 /* DesignableImageView.swift */; };
		C15A46421A9A40760012CE29 /* DesignableLabel.swift in Sources */ = {isa = PBXBuildFile; fileRef = C15A46271A9A40760012CE29 /* DesignableLabel.swift */; };
		C15A46431A9A40760012CE29 /* DesignableTabBarController.swift in Sources */ = {isa = PBXBuildFile; fileRef = C15A46281A9A40760012CE29 /* DesignableTabBarController.swift */; };
		C15A46441A9A40760012CE29 /* DesignableTextField.swift in Sources */ = {isa = PBXBuildFile; fileRef = C15A46291A9A40760012CE29 /* DesignableTextField.swift */; };
		C15A46451A9A40760012CE29 /* DesignableTextView.swift in Sources */ = {isa = PBXBuildFile; fileRef = C15A462A1A9A40760012CE29 /* DesignableTextView.swift */; };
		C15A46461A9A40760012CE29 /* DesignableView.swift in Sources */ = {isa = PBXBuildFile; fileRef = C15A462B1A9A40760012CE29 /* DesignableView.swift */; };
		C15A46471A9A40760012CE29 /* ImageLoader.swift in Sources */ = {isa = PBXBuildFile; fileRef = C15A462C1A9A40760012CE29 /* ImageLoader.swift */; };
		C15A46481A9A40760012CE29 /* Info.plist in Resources */ = {isa = PBXBuildFile; fileRef = C15A462D1A9A40760012CE29 /* Info.plist */; };
		C15A46491A9A40760012CE29 /* KeyboardAvoidingScrollView.swift in Sources */ = {isa = PBXBuildFile; fileRef = C15A462E1A9A40760012CE29 /* KeyboardAvoidingScrollView.swift */; };
		C15A464A1A9A40760012CE29 /* LoadingView.swift in Sources */ = {isa = PBXBuildFile; fileRef = C15A462F1A9A40760012CE29 /* LoadingView.swift */; };
		C15A464B1A9A40760012CE29 /* LoadingView.xib in Resources */ = {isa = PBXBuildFile; fileRef = C15A46301A9A40760012CE29 /* LoadingView.xib */; };
		C15A464C1A9A40760012CE29 /* Misc.swift in Sources */ = {isa = PBXBuildFile; fileRef = C15A46311A9A40760012CE29 /* Misc.swift */; };
		C15A464D1A9A40760012CE29 /* Spring.swift in Sources */ = {isa = PBXBuildFile; fileRef = C15A46331A9A40760012CE29 /* Spring.swift */; };
		C15A464E1A9A40760012CE29 /* SpringAnimation.swift in Sources */ = {isa = PBXBuildFile; fileRef = C15A46341A9A40760012CE29 /* SpringAnimation.swift */; };
		C15A464F1A9A40760012CE29 /* SpringButton.swift in Sources */ = {isa = PBXBuildFile; fileRef = C15A46351A9A40760012CE29 /* SpringButton.swift */; };
		C15A46501A9A40760012CE29 /* SpringImageView.swift in Sources */ = {isa = PBXBuildFile; fileRef = C15A46361A9A40760012CE29 /* SpringImageView.swift */; };
		C15A46511A9A40760012CE29 /* SpringLabel.swift in Sources */ = {isa = PBXBuildFile; fileRef = C15A46371A9A40760012CE29 /* SpringLabel.swift */; };
		C15A46521A9A40760012CE29 /* SpringTextField.swift in Sources */ = {isa = PBXBuildFile; fileRef = C15A46381A9A40760012CE29 /* SpringTextField.swift */; };
		C15A46531A9A40760012CE29 /* SpringTextView.swift in Sources */ = {isa = PBXBuildFile; fileRef = C15A46391A9A40760012CE29 /* SpringTextView.swift */; };
		C15A46541A9A40760012CE29 /* SpringView.swift in Sources */ = {isa = PBXBuildFile; fileRef = C15A463A1A9A40760012CE29 /* SpringView.swift */; };
		C15A46551A9A40760012CE29 /* TransitionManager.swift in Sources */ = {isa = PBXBuildFile; fileRef = C15A463B1A9A40760012CE29 /* TransitionManager.swift */; };
		C15A46561A9A40760012CE29 /* TransitionZoom.swift in Sources */ = {isa = PBXBuildFile; fileRef = C15A463C1A9A40760012CE29 /* TransitionZoom.swift */; };
		C15A46571A9A40760012CE29 /* UnwindSegue.swift in Sources */ = {isa = PBXBuildFile; fileRef = C15A463D1A9A40760012CE29 /* UnwindSegue.swift */; };
		C15A46591A9A4F7D0012CE29 /* CryptoHelper.swift in Sources */ = {isa = PBXBuildFile; fileRef = C15A46581A9A4F7D0012CE29 /* CryptoHelper.swift */; };
		C1BF0FFC1A9B6C1400E7AC50 /* Alamofire.framework in Frameworks */ = {isa = PBXBuildFile; fileRef = C1BF0FF51A9B6C0800E7AC50 /* Alamofire.framework */; };
		C1BF0FFD1A9B6C1400E7AC50 /* Alamofire.framework in Embed Frameworks */ = {isa = PBXBuildFile; fileRef = C1BF0FF51A9B6C0800E7AC50 /* Alamofire.framework */; settings = {ATTRIBUTES = (CodeSignOnCopy, RemoveHeadersOnCopy, ); }; };
		C1BF10021A9B6D1900E7AC50 /* APIController.swift in Sources */ = {isa = PBXBuildFile; fileRef = C1BF10011A9B6D1900E7AC50 /* APIController.swift */; };
		C1BF10041A9B6D8200E7AC50 /* SignUpViewController.swift in Sources */ = {isa = PBXBuildFile; fileRef = C1BF10031A9B6D8200E7AC50 /* SignUpViewController.swift */; };
		C1BF10071A9B6D9D00E7AC50 /* signUp.storyboard in Resources */ = {isa = PBXBuildFile; fileRef = C1BF10061A9B6D9D00E7AC50 /* signUp.storyboard */; };
		F9F6E3C21A9A267D00707417 /* AppDelegate.swift in Sources */ = {isa = PBXBuildFile; fileRef = F9F6E3C11A9A267D00707417 /* AppDelegate.swift */; };
		F9F6E3C51A9A267D00707417 /* LetsDrop.xcdatamodeld in Sources */ = {isa = PBXBuildFile; fileRef = F9F6E3C31A9A267D00707417 /* LetsDrop.xcdatamodeld */; };
		F9F6E3C71A9A267D00707417 /* ViewController.swift in Sources */ = {isa = PBXBuildFile; fileRef = F9F6E3C61A9A267D00707417 /* ViewController.swift */; };
		F9F6E3CA1A9A267D00707417 /* navigation.storyboard in Resources */ = {isa = PBXBuildFile; fileRef = F9F6E3C81A9A267D00707417 /* navigation.storyboard */; };
		F9F6E3CC1A9A267D00707417 /* Images.xcassets in Resources */ = {isa = PBXBuildFile; fileRef = F9F6E3CB1A9A267D00707417 /* Images.xcassets */; };
		F9F6E3DB1A9A267D00707417 /* LetsDropTests.swift in Sources */ = {isa = PBXBuildFile; fileRef = F9F6E3DA1A9A267D00707417 /* LetsDropTests.swift */; };
/* End PBXBuildFile section */

/* Begin PBXContainerItemProxy section */
		C1BF0FF41A9B6C0800E7AC50 /* PBXContainerItemProxy */ = {
			isa = PBXContainerItemProxy;
			containerPortal = C1BF0FED1A9B6C0800E7AC50 /* Alamofire.xcodeproj */;
			proxyType = 2;
			remoteGlobalIDString = F8111E3319A95C8B0040E7D1;
			remoteInfo = "Alamofire iOS";
		};
		C1BF0FF61A9B6C0800E7AC50 /* PBXContainerItemProxy */ = {
			isa = PBXContainerItemProxy;
			containerPortal = C1BF0FED1A9B6C0800E7AC50 /* Alamofire.xcodeproj */;
			proxyType = 2;
			remoteGlobalIDString = 4DD67C0B1A5C55C900ED2280;
			remoteInfo = "Alamofire OSX";
		};
		C1BF0FF81A9B6C0800E7AC50 /* PBXContainerItemProxy */ = {
			isa = PBXContainerItemProxy;
			containerPortal = C1BF0FED1A9B6C0800E7AC50 /* Alamofire.xcodeproj */;
			proxyType = 2;
			remoteGlobalIDString = F8111E3E19A95C8B0040E7D1;
			remoteInfo = "Alamofire iOS Tests";
		};
		C1BF0FFA1A9B6C0800E7AC50 /* PBXContainerItemProxy */ = {
			isa = PBXContainerItemProxy;
			containerPortal = C1BF0FED1A9B6C0800E7AC50 /* Alamofire.xcodeproj */;
			proxyType = 2;
			remoteGlobalIDString = F829C6B21A7A94F100A2CD59;
			remoteInfo = "Alamofire OSX Tests";
		};
		C1BF0FFE1A9B6C1400E7AC50 /* PBXContainerItemProxy */ = {
			isa = PBXContainerItemProxy;
			containerPortal = C1BF0FED1A9B6C0800E7AC50 /* Alamofire.xcodeproj */;
			proxyType = 1;
			remoteGlobalIDString = F8111E3219A95C8B0040E7D1;
			remoteInfo = "Alamofire iOS";
		};
		F9F6E3D51A9A267D00707417 /* PBXContainerItemProxy */ = {
			isa = PBXContainerItemProxy;
			containerPortal = F9F6E3B41A9A267D00707417 /* Project object */;
			proxyType = 1;
			remoteGlobalIDString = F9F6E3BB1A9A267D00707417;
			remoteInfo = LetsDrop;
		};
/* End PBXContainerItemProxy section */

/* Begin PBXCopyFilesBuildPhase section */
		C1BF10001A9B6C1400E7AC50 /* Embed Frameworks */ = {
			isa = PBXCopyFilesBuildPhase;
			buildActionMask = 2147483647;
			dstPath = "";
			dstSubfolderSpec = 10;
			files = (
				C1BF0FFD1A9B6C1400E7AC50 /* Alamofire.framework in Embed Frameworks */,
			);
			name = "Embed Frameworks";
			runOnlyForDeploymentPostprocessing = 0;
		};
/* End PBXCopyFilesBuildPhase section */

/* Begin PBXFileReference section */
		C12D27771A9AAA730086CE66 /* Base */ = {isa = PBXFileReference; lastKnownFileType = file.storyboard; name = Base; path = Base.lproj/Main.storyboard; sourceTree = "<group>"; };
		C12D277A1A9AAA830086CE66 /* Base */ = {isa = PBXFileReference; lastKnownFileType = file.xib; name = Base; path = Base.lproj/LaunchScreen.xib; sourceTree = "<group>"; };
		C1493B641A9AA8DE0013A7AD /* RAMBounceAnimation.swift */ = {isa = PBXFileReference; fileEncoding = 4; lastKnownFileType = sourcecode.swift; path = RAMBounceAnimation.swift; sourceTree = "<group>"; };
		C1493B661A9AA8DE0013A7AD /* RAMFrameItemAnimation.swift */ = {isa = PBXFileReference; fileEncoding = 4; lastKnownFileType = sourcecode.swift; path = RAMFrameItemAnimation.swift; sourceTree = "<group>"; };
		C1493B681A9AA8DE0013A7AD /* RAMFumeAnimation.swift */ = {isa = PBXFileReference; fileEncoding = 4; lastKnownFileType = sourcecode.swift; path = RAMFumeAnimation.swift; sourceTree = "<group>"; };
		C1493B6A1A9AA8DE0013A7AD /* RAMRotationAnimation.swift */ = {isa = PBXFileReference; fileEncoding = 4; lastKnownFileType = sourcecode.swift; path = RAMRotationAnimation.swift; sourceTree = "<group>"; };
		C1493B6C1A9AA8DE0013A7AD /* RAMTransitionItemAnimation.swift */ = {isa = PBXFileReference; fileEncoding = 4; lastKnownFileType = sourcecode.swift; path = RAMTransitionItemAnimation.swift; sourceTree = "<group>"; };
		C1493B6D1A9AA8DE0013A7AD /* RAMAnimatedTabBarController.swift */ = {isa = PBXFileReference; fileEncoding = 4; lastKnownFileType = sourcecode.swift; path = RAMAnimatedTabBarController.swift; sourceTree = "<group>"; };
		C1493B6E1A9AA8DE0013A7AD /* RAMItemAnimationProtocol.swift */ = {isa = PBXFileReference; fileEncoding = 4; lastKnownFileType = sourcecode.swift; path = RAMItemAnimationProtocol.swift; sourceTree = "<group>"; };
		C15A45EE1A9A33460012CE29 /* login.storyboard */ = {isa = PBXFileReference; fileEncoding = 4; lastKnownFileType = file.storyboard; path = login.storyboard; sourceTree = "<group>"; };
		C15A45F21A9A33AC0012CE29 /* LoginViewController.swift */ = {isa = PBXFileReference; fileEncoding = 4; lastKnownFileType = sourcecode.swift; path = LoginViewController.swift; sourceTree = "<group>"; };
		C15A460B1A9A400A0012CE29 /* Lolita ExtraLight.otf */ = {isa = PBXFileReference; lastKnownFileType = file; path = "Lolita ExtraLight.otf"; sourceTree = "<group>"; };
		C15A460C1A9A400A0012CE29 /* Lolita SemiBold.otf */ = {isa = PBXFileReference; lastKnownFileType = file; path = "Lolita SemiBold.otf"; sourceTree = "<group>"; };
		C15A460D1A9A400A0012CE29 /* LolitaBlack.otf */ = {isa = PBXFileReference; lastKnownFileType = file; path = LolitaBlack.otf; sourceTree = "<group>"; };
		C15A460E1A9A400A0012CE29 /* LolitaBold.otf */ = {isa = PBXFileReference; lastKnownFileType = file; path = LolitaBold.otf; sourceTree = "<group>"; };
		C15A460F1A9A400A0012CE29 /* LolitaBook.otf */ = {isa = PBXFileReference; lastKnownFileType = file; path = LolitaBook.otf; sourceTree = "<group>"; };
		C15A46101A9A400A0012CE29 /* LolitaHeavy.otf */ = {isa = PBXFileReference; lastKnownFileType = file; path = LolitaHeavy.otf; sourceTree = "<group>"; };
		C15A46111A9A400A0012CE29 /* LolitaLight.otf */ = {isa = PBXFileReference; lastKnownFileType = file; path = LolitaLight.otf; sourceTree = "<group>"; };
		C15A46121A9A400A0012CE29 /* LolitaMedium.otf */ = {isa = PBXFileReference; lastKnownFileType = file; path = LolitaMedium.otf; sourceTree = "<group>"; };
		C15A46131A9A400A0012CE29 /* LolitaThin.otf */ = {isa = PBXFileReference; lastKnownFileType = file; path = LolitaThin.otf; sourceTree = "<group>"; };
		C15A46141A9A400A0012CE29 /* LolitaUltra.otf */ = {isa = PBXFileReference; lastKnownFileType = file; path = LolitaUltra.otf; sourceTree = "<group>"; };
		C15A46231A9A40760012CE29 /* BlurView.swift */ = {isa = PBXFileReference; fileEncoding = 4; lastKnownFileType = sourcecode.swift; path = BlurView.swift; sourceTree = "<group>"; };
		C15A46241A9A40760012CE29 /* Data.swift */ = {isa = PBXFileReference; fileEncoding = 4; lastKnownFileType = sourcecode.swift; path = Data.swift; sourceTree = "<group>"; };
		C15A46251A9A40760012CE29 /* DesignableButton.swift */ = {isa = PBXFileReference; fileEncoding = 4; lastKnownFileType = sourcecode.swift; path = DesignableButton.swift; sourceTree = "<group>"; };
		C15A46261A9A40760012CE29 /* DesignableImageView.swift */ = {isa = PBXFileReference; fileEncoding = 4; lastKnownFileType = sourcecode.swift; path = DesignableImageView.swift; sourceTree = "<group>"; };
		C15A46271A9A40760012CE29 /* DesignableLabel.swift */ = {isa = PBXFileReference; fileEncoding = 4; lastKnownFileType = sourcecode.swift; path = DesignableLabel.swift; sourceTree = "<group>"; };
		C15A46281A9A40760012CE29 /* DesignableTabBarController.swift */ = {isa = PBXFileReference; fileEncoding = 4; lastKnownFileType = sourcecode.swift; path = DesignableTabBarController.swift; sourceTree = "<group>"; };
		C15A46291A9A40760012CE29 /* DesignableTextField.swift */ = {isa = PBXFileReference; fileEncoding = 4; lastKnownFileType = sourcecode.swift; path = DesignableTextField.swift; sourceTree = "<group>"; };
		C15A462A1A9A40760012CE29 /* DesignableTextView.swift */ = {isa = PBXFileReference; fileEncoding = 4; lastKnownFileType = sourcecode.swift; path = DesignableTextView.swift; sourceTree = "<group>"; };
		C15A462B1A9A40760012CE29 /* DesignableView.swift */ = {isa = PBXFileReference; fileEncoding = 4; lastKnownFileType = sourcecode.swift; path = DesignableView.swift; sourceTree = "<group>"; };
		C15A462C1A9A40760012CE29 /* ImageLoader.swift */ = {isa = PBXFileReference; fileEncoding = 4; lastKnownFileType = sourcecode.swift; path = ImageLoader.swift; sourceTree = "<group>"; };
		C15A462D1A9A40760012CE29 /* Info.plist */ = {isa = PBXFileReference; fileEncoding = 4; lastKnownFileType = text.plist.xml; path = Info.plist; sourceTree = "<group>"; };
		C15A462E1A9A40760012CE29 /* KeyboardAvoidingScrollView.swift */ = {isa = PBXFileReference; fileEncoding = 4; lastKnownFileType = sourcecode.swift; path = KeyboardAvoidingScrollView.swift; sourceTree = "<group>"; };
		C15A462F1A9A40760012CE29 /* LoadingView.swift */ = {isa = PBXFileReference; fileEncoding = 4; lastKnownFileType = sourcecode.swift; path = LoadingView.swift; sourceTree = "<group>"; };
		C15A46301A9A40760012CE29 /* LoadingView.xib */ = {isa = PBXFileReference; fileEncoding = 4; lastKnownFileType = file.xib; path = LoadingView.xib; sourceTree = "<group>"; };
		C15A46311A9A40760012CE29 /* Misc.swift */ = {isa = PBXFileReference; fileEncoding = 4; lastKnownFileType = sourcecode.swift; path = Misc.swift; sourceTree = "<group>"; };
		C15A46321A9A40760012CE29 /* Spring.h */ = {isa = PBXFileReference; fileEncoding = 4; lastKnownFileType = sourcecode.c.h; path = Spring.h; sourceTree = "<group>"; };
		C15A46331A9A40760012CE29 /* Spring.swift */ = {isa = PBXFileReference; fileEncoding = 4; lastKnownFileType = sourcecode.swift; path = Spring.swift; sourceTree = "<group>"; };
		C15A46341A9A40760012CE29 /* SpringAnimation.swift */ = {isa = PBXFileReference; fileEncoding = 4; lastKnownFileType = sourcecode.swift; path = SpringAnimation.swift; sourceTree = "<group>"; };
		C15A46351A9A40760012CE29 /* SpringButton.swift */ = {isa = PBXFileReference; fileEncoding = 4; lastKnownFileType = sourcecode.swift; path = SpringButton.swift; sourceTree = "<group>"; };
		C15A46361A9A40760012CE29 /* SpringImageView.swift */ = {isa = PBXFileReference; fileEncoding = 4; lastKnownFileType = sourcecode.swift; path = SpringImageView.swift; sourceTree = "<group>"; };
		C15A46371A9A40760012CE29 /* SpringLabel.swift */ = {isa = PBXFileReference; fileEncoding = 4; lastKnownFileType = sourcecode.swift; path = SpringLabel.swift; sourceTree = "<group>"; };
		C15A46381A9A40760012CE29 /* SpringTextField.swift */ = {isa = PBXFileReference; fileEncoding = 4; lastKnownFileType = sourcecode.swift; path = SpringTextField.swift; sourceTree = "<group>"; };
		C15A46391A9A40760012CE29 /* SpringTextView.swift */ = {isa = PBXFileReference; fileEncoding = 4; lastKnownFileType = sourcecode.swift; path = SpringTextView.swift; sourceTree = "<group>"; };
		C15A463A1A9A40760012CE29 /* SpringView.swift */ = {isa = PBXFileReference; fileEncoding = 4; lastKnownFileType = sourcecode.swift; path = SpringView.swift; sourceTree = "<group>"; };
		C15A463B1A9A40760012CE29 /* TransitionManager.swift */ = {isa = PBXFileReference; fileEncoding = 4; lastKnownFileType = sourcecode.swift; path = TransitionManager.swift; sourceTree = "<group>"; };
		C15A463C1A9A40760012CE29 /* TransitionZoom.swift */ = {isa = PBXFileReference; fileEncoding = 4; lastKnownFileType = sourcecode.swift; path = TransitionZoom.swift; sourceTree = "<group>"; };
		C15A463D1A9A40760012CE29 /* UnwindSegue.swift */ = {isa = PBXFileReference; fileEncoding = 4; lastKnownFileType = sourcecode.swift; path = UnwindSegue.swift; sourceTree = "<group>"; };
		C15A46581A9A4F7D0012CE29 /* CryptoHelper.swift */ = {isa = PBXFileReference; fileEncoding = 4; lastKnownFileType = sourcecode.swift; path = CryptoHelper.swift; sourceTree = "<group>"; };
		C15A465B1A9A4FA70012CE29 /* LetsDrop-Bridging-Header.h */ = {isa = PBXFileReference; fileEncoding = 4; lastKnownFileType = sourcecode.c.h; name = "LetsDrop-Bridging-Header.h"; path = "LetsDrop/LetsDrop-Bridging-Header.h"; sourceTree = "<group>"; };
		C1BF0FED1A9B6C0800E7AC50 /* Alamofire.xcodeproj */ = {isa = PBXFileReference; lastKnownFileType = "wrapper.pb-project"; name = Alamofire.xcodeproj; path = Alamofire/Alamofire.xcodeproj; sourceTree = "<group>"; };
		C1BF10011A9B6D1900E7AC50 /* APIController.swift */ = {isa = PBXFileReference; fileEncoding = 4; lastKnownFileType = sourcecode.swift; name = APIController.swift; path = ../APIController.swift; sourceTree = "<group>"; };
		C1BF10031A9B6D8200E7AC50 /* SignUpViewController.swift */ = {isa = PBXFileReference; fileEncoding = 4; lastKnownFileType = sourcecode.swift; path = SignUpViewController.swift; sourceTree = "<group>"; };
		C1BF10061A9B6D9D00E7AC50 /* signUp.storyboard */ = {isa = PBXFileReference; fileEncoding = 4; lastKnownFileType = file.storyboard; path = signUp.storyboard; sourceTree = "<group>"; };
		F9F6E3BC1A9A267D00707417 /* LetsDrop.app */ = {isa = PBXFileReference; explicitFileType = wrapper.application; includeInIndex = 0; path = LetsDrop.app; sourceTree = BUILT_PRODUCTS_DIR; };
		F9F6E3C01A9A267D00707417 /* Info.plist */ = {isa = PBXFileReference; lastKnownFileType = text.plist.xml; path = Info.plist; sourceTree = "<group>"; };
		F9F6E3C11A9A267D00707417 /* AppDelegate.swift */ = {isa = PBXFileReference; lastKnownFileType = sourcecode.swift; path = AppDelegate.swift; sourceTree = "<group>"; };
		F9F6E3C41A9A267D00707417 /* LetsDrop.xcdatamodel */ = {isa = PBXFileReference; lastKnownFileType = wrapper.xcdatamodel; path = LetsDrop.xcdatamodel; sourceTree = "<group>"; };
		F9F6E3C61A9A267D00707417 /* ViewController.swift */ = {isa = PBXFileReference; lastKnownFileType = sourcecode.swift; path = ViewController.swift; sourceTree = "<group>"; };
		F9F6E3C91A9A267D00707417 /* Base */ = {isa = PBXFileReference; lastKnownFileType = file.storyboard; name = Base; path = Base.lproj/navigation.storyboard; sourceTree = "<group>"; };
		F9F6E3CB1A9A267D00707417 /* Images.xcassets */ = {isa = PBXFileReference; lastKnownFileType = folder.assetcatalog; path = Images.xcassets; sourceTree = "<group>"; };
		F9F6E3D41A9A267D00707417 /* LetsDropTests.xctest */ = {isa = PBXFileReference; explicitFileType = wrapper.cfbundle; includeInIndex = 0; path = LetsDropTests.xctest; sourceTree = BUILT_PRODUCTS_DIR; };
		F9F6E3D91A9A267D00707417 /* Info.plist */ = {isa = PBXFileReference; lastKnownFileType = text.plist.xml; path = Info.plist; sourceTree = "<group>"; };
		F9F6E3DA1A9A267D00707417 /* LetsDropTests.swift */ = {isa = PBXFileReference; lastKnownFileType = sourcecode.swift; path = LetsDropTests.swift; sourceTree = "<group>"; };
/* End PBXFileReference section */

/* Begin PBXFrameworksBuildPhase section */
		F9F6E3B91A9A267D00707417 /* Frameworks */ = {
			isa = PBXFrameworksBuildPhase;
			buildActionMask = 2147483647;
			files = (
				C1BF0FFC1A9B6C1400E7AC50 /* Alamofire.framework in Frameworks */,
			);
			runOnlyForDeploymentPostprocessing = 0;
		};
		F9F6E3D11A9A267D00707417 /* Frameworks */ = {
			isa = PBXFrameworksBuildPhase;
			buildActionMask = 2147483647;
			files = (
			);
			runOnlyForDeploymentPostprocessing = 0;
		};
/* End PBXFrameworksBuildPhase section */

/* Begin PBXGroup section */
		C1493B611A9AA8DE0013A7AD /* RAMAnimatedTabBarController */ = {
			isa = PBXGroup;
			children = (
				C1493B621A9AA8DE0013A7AD /* Animations */,
				C1493B6D1A9AA8DE0013A7AD /* RAMAnimatedTabBarController.swift */,
				C1493B6E1A9AA8DE0013A7AD /* RAMItemAnimationProtocol.swift */,
			);
			path = RAMAnimatedTabBarController;
			sourceTree = "<group>";
		};
		C1493B621A9AA8DE0013A7AD /* Animations */ = {
			isa = PBXGroup;
			children = (
				C1493B631A9AA8DE0013A7AD /* BounceAnimation */,
				C1493B651A9AA8DE0013A7AD /* FrameAnimation */,
				C1493B671A9AA8DE0013A7AD /* FumeAnimation */,
				C1493B691A9AA8DE0013A7AD /* RotationAnimation */,
				C1493B6B1A9AA8DE0013A7AD /* TransitionAniamtions */,
			);
			path = Animations;
			sourceTree = "<group>";
		};
		C1493B631A9AA8DE0013A7AD /* BounceAnimation */ = {
			isa = PBXGroup;
			children = (
				C1493B641A9AA8DE0013A7AD /* RAMBounceAnimation.swift */,
			);
			path = BounceAnimation;
			sourceTree = "<group>";
		};
		C1493B651A9AA8DE0013A7AD /* FrameAnimation */ = {
			isa = PBXGroup;
			children = (
				C1493B661A9AA8DE0013A7AD /* RAMFrameItemAnimation.swift */,
			);
			path = FrameAnimation;
			sourceTree = "<group>";
		};
		C1493B671A9AA8DE0013A7AD /* FumeAnimation */ = {
			isa = PBXGroup;
			children = (
				C1493B681A9AA8DE0013A7AD /* RAMFumeAnimation.swift */,
			);
			path = FumeAnimation;
			sourceTree = "<group>";
		};
		C1493B691A9AA8DE0013A7AD /* RotationAnimation */ = {
			isa = PBXGroup;
			children = (
				C1493B6A1A9AA8DE0013A7AD /* RAMRotationAnimation.swift */,
			);
			path = RotationAnimation;
			sourceTree = "<group>";
		};
		C1493B6B1A9AA8DE0013A7AD /* TransitionAniamtions */ = {
			isa = PBXGroup;
			children = (
				C1493B6C1A9AA8DE0013A7AD /* RAMTransitionItemAnimation.swift */,
			);
			path = TransitionAniamtions;
			sourceTree = "<group>";
		};
		C15A45F01A9A334B0012CE29 /* Login */ = {
			isa = PBXGroup;
			children = (
				C15A45EE1A9A33460012CE29 /* login.storyboard */,
				C15A45F21A9A33AC0012CE29 /* LoginViewController.swift */,
			);
			name = Login;
			sourceTree = "<group>";
		};
		C15A46091A9A400A0012CE29 /* Ressources */ = {
			isa = PBXGroup;
			children = (
				C1493B611A9AA8DE0013A7AD /* RAMAnimatedTabBarController */,
				C15A46221A9A40760012CE29 /* Spring */,
				C15A460A1A9A400A0012CE29 /* Fonts */,
			);
			path = Ressources;
			sourceTree = "<group>";
		};
		C15A460A1A9A400A0012CE29 /* Fonts */ = {
			isa = PBXGroup;
			children = (
				C15A460B1A9A400A0012CE29 /* Lolita ExtraLight.otf */,
				C15A460C1A9A400A0012CE29 /* Lolita SemiBold.otf */,
				C15A460D1A9A400A0012CE29 /* LolitaBlack.otf */,
				C15A460E1A9A400A0012CE29 /* LolitaBold.otf */,
				C15A460F1A9A400A0012CE29 /* LolitaBook.otf */,
				C15A46101A9A400A0012CE29 /* LolitaHeavy.otf */,
				C15A46111A9A400A0012CE29 /* LolitaLight.otf */,
				C15A46121A9A400A0012CE29 /* LolitaMedium.otf */,
				C15A46131A9A400A0012CE29 /* LolitaThin.otf */,
				C15A46141A9A400A0012CE29 /* LolitaUltra.otf */,
			);
			path = Fonts;
			sourceTree = "<group>";
		};
		C15A46221A9A40760012CE29 /* Spring */ = {
			isa = PBXGroup;
			children = (
				C15A46231A9A40760012CE29 /* BlurView.swift */,
				C15A46241A9A40760012CE29 /* Data.swift */,
				C15A46251A9A40760012CE29 /* DesignableButton.swift */,
				C15A46261A9A40760012CE29 /* DesignableImageView.swift */,
				C15A46271A9A40760012CE29 /* DesignableLabel.swift */,
				C15A46281A9A40760012CE29 /* DesignableTabBarController.swift */,
				C15A46291A9A40760012CE29 /* DesignableTextField.swift */,
				C15A462A1A9A40760012CE29 /* DesignableTextView.swift */,
				C15A462B1A9A40760012CE29 /* DesignableView.swift */,
				C15A462C1A9A40760012CE29 /* ImageLoader.swift */,
				C15A462D1A9A40760012CE29 /* Info.plist */,
				C15A462E1A9A40760012CE29 /* KeyboardAvoidingScrollView.swift */,
				C15A462F1A9A40760012CE29 /* LoadingView.swift */,
				C15A46301A9A40760012CE29 /* LoadingView.xib */,
				C15A46311A9A40760012CE29 /* Misc.swift */,
				C15A46321A9A40760012CE29 /* Spring.h */,
				C15A46331A9A40760012CE29 /* Spring.swift */,
				C15A46341A9A40760012CE29 /* SpringAnimation.swift */,
				C15A46351A9A40760012CE29 /* SpringButton.swift */,
				C15A46361A9A40760012CE29 /* SpringImageView.swift */,
				C15A46371A9A40760012CE29 /* SpringLabel.swift */,
				C15A46381A9A40760012CE29 /* SpringTextField.swift */,
				C15A46391A9A40760012CE29 /* SpringTextView.swift */,
				C15A463A1A9A40760012CE29 /* SpringView.swift */,
				C15A463B1A9A40760012CE29 /* TransitionManager.swift */,
				C15A463C1A9A40760012CE29 /* TransitionZoom.swift */,
				C15A463D1A9A40760012CE29 /* UnwindSegue.swift */,
			);
			path = Spring;
			sourceTree = "<group>";
		};
		C15A465A1A9A4F880012CE29 /* Helpers */ = {
			isa = PBXGroup;
			children = (
				C15A46581A9A4F7D0012CE29 /* CryptoHelper.swift */,
			);
			name = Helpers;
			sourceTree = "<group>";
		};
		C1BF0FEE1A9B6C0800E7AC50 /* Products */ = {
			isa = PBXGroup;
			children = (
				C1BF0FF51A9B6C0800E7AC50 /* Alamofire.framework */,
				C1BF0FF71A9B6C0800E7AC50 /* Alamofire.framework */,
				C1BF0FF91A9B6C0800E7AC50 /* Alamofire iOS Tests.xctest */,
				C1BF0FFB1A9B6C0800E7AC50 /* Alamofire OSX Tests.xctest */,
			);
			name = Products;
			sourceTree = "<group>";
		};
		C1BF10051A9B6D8800E7AC50 /* SignUp */ = {
			isa = PBXGroup;
			children = (
				C1BF10031A9B6D8200E7AC50 /* SignUpViewController.swift */,
				C1BF10061A9B6D9D00E7AC50 /* signUp.storyboard */,
			);
			name = SignUp;
			sourceTree = "<group>";
		};
		F9F6E3B31A9A267D00707417 = {
			isa = PBXGroup;
			children = (
				C1BF0FED1A9B6C0800E7AC50 /* Alamofire.xcodeproj */,
				C15A465B1A9A4FA70012CE29 /* LetsDrop-Bridging-Header.h */,
				F9F6E3BE1A9A267D00707417 /* LetsDrop */,
				F9F6E3D71A9A267D00707417 /* LetsDropTests */,
				F9F6E3BD1A9A267D00707417 /* Products */,
			);
			sourceTree = "<group>";
		};
		F9F6E3BD1A9A267D00707417 /* Products */ = {
			isa = PBXGroup;
			children = (
				F9F6E3BC1A9A267D00707417 /* LetsDrop.app */,
				F9F6E3D41A9A267D00707417 /* LetsDropTests.xctest */,
			);
			name = Products;
			sourceTree = "<group>";
		};
		F9F6E3BE1A9A267D00707417 /* LetsDrop */ = {
			isa = PBXGroup;
			children = (
				C15A46091A9A400A0012CE29 /* Ressources */,
				C15A465A1A9A4F880012CE29 /* Helpers */,
				F9F6E3C11A9A267D00707417 /* AppDelegate.swift */,
				F9F6E3C61A9A267D00707417 /* ViewController.swift */,
				C1BF10011A9B6D1900E7AC50 /* APIController.swift */,
				F9F6E3C81A9A267D00707417 /* navigation.storyboard */,
				C12D27761A9AAA730086CE66 /* Main.storyboard */,
				C12D27791A9AAA830086CE66 /* LaunchScreen.xib */,
				C1BF10051A9B6D8800E7AC50 /* SignUp */,
				C15A45F01A9A334B0012CE29 /* Login */,
				F9F6E3CB1A9A267D00707417 /* Images.xcassets */,
				F9F6E3C31A9A267D00707417 /* LetsDrop.xcdatamodeld */,
				F9F6E3BF1A9A267D00707417 /* Supporting Files */,
			);
			path = LetsDrop;
			sourceTree = "<group>";
		};
		F9F6E3BF1A9A267D00707417 /* Supporting Files */ = {
			isa = PBXGroup;
			children = (
				F9F6E3C01A9A267D00707417 /* Info.plist */,
			);
			name = "Supporting Files";
			sourceTree = "<group>";
		};
		F9F6E3D71A9A267D00707417 /* LetsDropTests */ = {
			isa = PBXGroup;
			children = (
				F9F6E3DA1A9A267D00707417 /* LetsDropTests.swift */,
				F9F6E3D81A9A267D00707417 /* Supporting Files */,
			);
			path = LetsDropTests;
			sourceTree = "<group>";
		};
		F9F6E3D81A9A267D00707417 /* Supporting Files */ = {
			isa = PBXGroup;
			children = (
				F9F6E3D91A9A267D00707417 /* Info.plist */,
			);
			name = "Supporting Files";
			sourceTree = "<group>";
		};
/* End PBXGroup section */

/* Begin PBXNativeTarget section */
		F9F6E3BB1A9A267D00707417 /* LetsDrop */ = {
			isa = PBXNativeTarget;
			buildConfigurationList = F9F6E3DE1A9A267D00707417 /* Build configuration list for PBXNativeTarget "LetsDrop" */;
			buildPhases = (
				F9F6E3B81A9A267D00707417 /* Sources */,
				F9F6E3B91A9A267D00707417 /* Frameworks */,
				F9F6E3BA1A9A267D00707417 /* Resources */,
				C1BF10001A9B6C1400E7AC50 /* Embed Frameworks */,
			);
			buildRules = (
			);
			dependencies = (
				C1BF0FFF1A9B6C1400E7AC50 /* PBXTargetDependency */,
			);
			name = LetsDrop;
			productName = LetsDrop;
			productReference = F9F6E3BC1A9A267D00707417 /* LetsDrop.app */;
			productType = "com.apple.product-type.application";
		};
		F9F6E3D31A9A267D00707417 /* LetsDropTests */ = {
			isa = PBXNativeTarget;
			buildConfigurationList = F9F6E3E11A9A267D00707417 /* Build configuration list for PBXNativeTarget "LetsDropTests" */;
			buildPhases = (
				F9F6E3D01A9A267D00707417 /* Sources */,
				F9F6E3D11A9A267D00707417 /* Frameworks */,
				F9F6E3D21A9A267D00707417 /* Resources */,
			);
			buildRules = (
			);
			dependencies = (
				F9F6E3D61A9A267D00707417 /* PBXTargetDependency */,
			);
			name = LetsDropTests;
			productName = LetsDropTests;
			productReference = F9F6E3D41A9A267D00707417 /* LetsDropTests.xctest */;
			productType = "com.apple.product-type.bundle.unit-test";
		};
/* End PBXNativeTarget section */

/* Begin PBXProject section */
		F9F6E3B41A9A267D00707417 /* Project object */ = {
			isa = PBXProject;
			attributes = {
				LastUpgradeCheck = 0610;
				ORGANIZATIONNAME = "Maxime Berthelot";
				TargetAttributes = {
					F9F6E3BB1A9A267D00707417 = {
						CreatedOnToolsVersion = 6.1.1;
					};
					F9F6E3D31A9A267D00707417 = {
						CreatedOnToolsVersion = 6.1.1;
						TestTargetID = F9F6E3BB1A9A267D00707417;
					};
				};
			};
			buildConfigurationList = F9F6E3B71A9A267D00707417 /* Build configuration list for PBXProject "LetsDrop" */;
			compatibilityVersion = "Xcode 3.2";
			developmentRegion = English;
			hasScannedForEncodings = 0;
			knownRegions = (
				en,
				Base,
			);
			mainGroup = F9F6E3B31A9A267D00707417;
			productRefGroup = F9F6E3BD1A9A267D00707417 /* Products */;
			projectDirPath = "";
			projectReferences = (
				{
					ProductGroup = C1BF0FEE1A9B6C0800E7AC50 /* Products */;
					ProjectRef = C1BF0FED1A9B6C0800E7AC50 /* Alamofire.xcodeproj */;
				},
			);
			projectRoot = "";
			targets = (
				F9F6E3BB1A9A267D00707417 /* LetsDrop */,
				F9F6E3D31A9A267D00707417 /* LetsDropTests */,
			);
		};
/* End PBXProject section */

/* Begin PBXReferenceProxy section */
		C1BF0FF51A9B6C0800E7AC50 /* Alamofire.framework */ = {
			isa = PBXReferenceProxy;
			fileType = wrapper.framework;
			path = Alamofire.framework;
			remoteRef = C1BF0FF41A9B6C0800E7AC50 /* PBXContainerItemProxy */;
			sourceTree = BUILT_PRODUCTS_DIR;
		};
		C1BF0FF71A9B6C0800E7AC50 /* Alamofire.framework */ = {
			isa = PBXReferenceProxy;
			fileType = wrapper.framework;
			path = Alamofire.framework;
			remoteRef = C1BF0FF61A9B6C0800E7AC50 /* PBXContainerItemProxy */;
			sourceTree = BUILT_PRODUCTS_DIR;
		};
		C1BF0FF91A9B6C0800E7AC50 /* Alamofire iOS Tests.xctest */ = {
			isa = PBXReferenceProxy;
			fileType = wrapper.cfbundle;
			path = "Alamofire iOS Tests.xctest";
			remoteRef = C1BF0FF81A9B6C0800E7AC50 /* PBXContainerItemProxy */;
			sourceTree = BUILT_PRODUCTS_DIR;
		};
		C1BF0FFB1A9B6C0800E7AC50 /* Alamofire OSX Tests.xctest */ = {
			isa = PBXReferenceProxy;
			fileType = wrapper.cfbundle;
			path = "Alamofire OSX Tests.xctest";
			remoteRef = C1BF0FFA1A9B6C0800E7AC50 /* PBXContainerItemProxy */;
			sourceTree = BUILT_PRODUCTS_DIR;
		};
/* End PBXReferenceProxy section */

/* Begin PBXResourcesBuildPhase section */
		F9F6E3BA1A9A267D00707417 /* Resources */ = {
			isa = PBXResourcesBuildPhase;
			buildActionMask = 2147483647;
			files = (
				C1BF10071A9B6D9D00E7AC50 /* signUp.storyboard in Resources */,
				C15A46151A9A400A0012CE29 /* Lolita ExtraLight.otf in Resources */,
				C15A461E1A9A400A0012CE29 /* LolitaUltra.otf in Resources */,
				C15A45EF1A9A33460012CE29 /* login.storyboard in Resources */,
				C12D277B1A9AAA830086CE66 /* LaunchScreen.xib in Resources */,
				C15A46191A9A400A0012CE29 /* LolitaBook.otf in Resources */,
				F9F6E3CA1A9A267D00707417 /* navigation.storyboard in Resources */,
				C15A461A1A9A400A0012CE29 /* LolitaHeavy.otf in Resources */,
				C15A461D1A9A400A0012CE29 /* LolitaThin.otf in Resources */,
				C15A461C1A9A400A0012CE29 /* LolitaMedium.otf in Resources */,
				C15A46481A9A40760012CE29 /* Info.plist in Resources */,
				C15A464B1A9A40760012CE29 /* LoadingView.xib in Resources */,
				C15A461B1A9A400A0012CE29 /* LolitaLight.otf in Resources */,
				C12D27781A9AAA730086CE66 /* Main.storyboard in Resources */,
				C15A46181A9A400A0012CE29 /* LolitaBold.otf in Resources */,
				C15A46161A9A400A0012CE29 /* Lolita SemiBold.otf in Resources */,
				F9F6E3CC1A9A267D00707417 /* Images.xcassets in Resources */,
				C15A46171A9A400A0012CE29 /* LolitaBlack.otf in Resources */,
			);
			runOnlyForDeploymentPostprocessing = 0;
		};
		F9F6E3D21A9A267D00707417 /* Resources */ = {
			isa = PBXResourcesBuildPhase;
			buildActionMask = 2147483647;
			files = (
			);
			runOnlyForDeploymentPostprocessing = 0;
		};
/* End PBXResourcesBuildPhase section */

/* Begin PBXSourcesBuildPhase section */
		F9F6E3B81A9A267D00707417 /* Sources */ = {
			isa = PBXSourcesBuildPhase;
			buildActionMask = 2147483647;
			files = (
				C15A46561A9A40760012CE29 /* TransitionZoom.swift in Sources */,
				C15A46541A9A40760012CE29 /* SpringView.swift in Sources */,
				C1493B751A9AA8DE0013A7AD /* RAMItemAnimationProtocol.swift in Sources */,
				C15A46471A9A40760012CE29 /* ImageLoader.swift in Sources */,
				C15A464C1A9A40760012CE29 /* Misc.swift in Sources */,
				C15A46501A9A40760012CE29 /* SpringImageView.swift in Sources */,
				C15A46521A9A40760012CE29 /* SpringTextField.swift in Sources */,
				C15A46411A9A40760012CE29 /* DesignableImageView.swift in Sources */,
				C15A45F31A9A33AC0012CE29 /* LoginViewController.swift in Sources */,
				C15A46511A9A40760012CE29 /* SpringLabel.swift in Sources */,
				C15A46591A9A4F7D0012CE29 /* CryptoHelper.swift in Sources */,
				C15A463F1A9A40760012CE29 /* Data.swift in Sources */,
				C15A46461A9A40760012CE29 /* DesignableView.swift in Sources */,
				C15A464A1A9A40760012CE29 /* LoadingView.swift in Sources */,
				C1BF10021A9B6D1900E7AC50 /* APIController.swift in Sources */,
				C15A46401A9A40760012CE29 /* DesignableButton.swift in Sources */,
				C1493B721A9AA8DE0013A7AD /* RAMRotationAnimation.swift in Sources */,
				C15A464F1A9A40760012CE29 /* SpringButton.swift in Sources */,
				C15A464D1A9A40760012CE29 /* Spring.swift in Sources */,
				C15A46441A9A40760012CE29 /* DesignableTextField.swift in Sources */,
				F9F6E3C71A9A267D00707417 /* ViewController.swift in Sources */,
				C15A46551A9A40760012CE29 /* TransitionManager.swift in Sources */,
				C15A463E1A9A40760012CE29 /* BlurView.swift in Sources */,
				C1493B701A9AA8DE0013A7AD /* RAMFrameItemAnimation.swift in Sources */,
				C15A46431A9A40760012CE29 /* DesignableTabBarController.swift in Sources */,
				F9F6E3C51A9A267D00707417 /* LetsDrop.xcdatamodeld in Sources */,
				C1BF10041A9B6D8200E7AC50 /* SignUpViewController.swift in Sources */,
				C15A46531A9A40760012CE29 /* SpringTextView.swift in Sources */,
				C15A46451A9A40760012CE29 /* DesignableTextView.swift in Sources */,
				C1493B741A9AA8DE0013A7AD /* RAMAnimatedTabBarController.swift in Sources */,
				C1493B731A9AA8DE0013A7AD /* RAMTransitionItemAnimation.swift in Sources */,
				C15A46421A9A40760012CE29 /* DesignableLabel.swift in Sources */,
				F9F6E3C21A9A267D00707417 /* AppDelegate.swift in Sources */,
				C15A464E1A9A40760012CE29 /* SpringAnimation.swift in Sources */,
				C1493B6F1A9AA8DE0013A7AD /* RAMBounceAnimation.swift in Sources */,
				C15A46571A9A40760012CE29 /* UnwindSegue.swift in Sources */,
				C1493B711A9AA8DE0013A7AD /* RAMFumeAnimation.swift in Sources */,
				C15A46491A9A40760012CE29 /* KeyboardAvoidingScrollView.swift in Sources */,
			);
			runOnlyForDeploymentPostprocessing = 0;
		};
		F9F6E3D01A9A267D00707417 /* Sources */ = {
			isa = PBXSourcesBuildPhase;
			buildActionMask = 2147483647;
			files = (
				F9F6E3DB1A9A267D00707417 /* LetsDropTests.swift in Sources */,
			);
			runOnlyForDeploymentPostprocessing = 0;
		};
/* End PBXSourcesBuildPhase section */

/* Begin PBXTargetDependency section */
		C1BF0FFF1A9B6C1400E7AC50 /* PBXTargetDependency */ = {
			isa = PBXTargetDependency;
			name = "Alamofire iOS";
			targetProxy = C1BF0FFE1A9B6C1400E7AC50 /* PBXContainerItemProxy */;
		};
		F9F6E3D61A9A267D00707417 /* PBXTargetDependency */ = {
			isa = PBXTargetDependency;
			target = F9F6E3BB1A9A267D00707417 /* LetsDrop */;
			targetProxy = F9F6E3D51A9A267D00707417 /* PBXContainerItemProxy */;
		};
/* End PBXTargetDependency section */

/* Begin PBXVariantGroup section */
		C12D27761A9AAA730086CE66 /* Main.storyboard */ = {
			isa = PBXVariantGroup;
			children = (
				C12D27771A9AAA730086CE66 /* Base */,
			);
			name = Main.storyboard;
			sourceTree = "<group>";
		};
		C12D27791A9AAA830086CE66 /* LaunchScreen.xib */ = {
			isa = PBXVariantGroup;
			children = (
				C12D277A1A9AAA830086CE66 /* Base */,
			);
			name = LaunchScreen.xib;
			sourceTree = "<group>";
		};
		F9F6E3C81A9A267D00707417 /* navigation.storyboard */ = {
			isa = PBXVariantGroup;
			children = (
				F9F6E3C91A9A267D00707417 /* Base */,
			);
			name = navigation.storyboard;
			sourceTree = "<group>";
		};
/* End PBXVariantGroup section */

/* Begin XCBuildConfiguration section */
		F9F6E3DC1A9A267D00707417 /* Debug */ = {
			isa = XCBuildConfiguration;
			buildSettings = {
				ALWAYS_SEARCH_USER_PATHS = NO;
				CLANG_CXX_LANGUAGE_STANDARD = "gnu++0x";
				CLANG_CXX_LIBRARY = "libc++";
				CLANG_ENABLE_MODULES = YES;
				CLANG_ENABLE_OBJC_ARC = YES;
				CLANG_WARN_BOOL_CONVERSION = YES;
				CLANG_WARN_CONSTANT_CONVERSION = YES;
				CLANG_WARN_DIRECT_OBJC_ISA_USAGE = YES_ERROR;
				CLANG_WARN_EMPTY_BODY = YES;
				CLANG_WARN_ENUM_CONVERSION = YES;
				CLANG_WARN_INT_CONVERSION = YES;
				CLANG_WARN_OBJC_ROOT_CLASS = YES_ERROR;
				CLANG_WARN_UNREACHABLE_CODE = YES;
				CLANG_WARN__DUPLICATE_METHOD_MATCH = YES;
				"CODE_SIGN_IDENTITY[sdk=iphoneos*]" = "iPhone Developer";
				COPY_PHASE_STRIP = NO;
				ENABLE_STRICT_OBJC_MSGSEND = YES;
				GCC_C_LANGUAGE_STANDARD = gnu99;
				GCC_DYNAMIC_NO_PIC = NO;
				GCC_OPTIMIZATION_LEVEL = 0;
				GCC_PREPROCESSOR_DEFINITIONS = (
					"DEBUG=1",
					"$(inherited)",
				);
				GCC_SYMBOLS_PRIVATE_EXTERN = NO;
				GCC_WARN_64_TO_32_BIT_CONVERSION = YES;
				GCC_WARN_ABOUT_RETURN_TYPE = YES_ERROR;
				GCC_WARN_UNDECLARED_SELECTOR = YES;
				GCC_WARN_UNINITIALIZED_AUTOS = YES_AGGRESSIVE;
				GCC_WARN_UNUSED_FUNCTION = YES;
				GCC_WARN_UNUSED_VARIABLE = YES;
				IPHONEOS_DEPLOYMENT_TARGET = 8.1;
				MTL_ENABLE_DEBUG_INFO = YES;
				ONLY_ACTIVE_ARCH = YES;
				SDKROOT = iphoneos;
				SWIFT_OPTIMIZATION_LEVEL = "-Onone";
			};
			name = Debug;
		};
		F9F6E3DD1A9A267D00707417 /* Release */ = {
			isa = XCBuildConfiguration;
			buildSettings = {
				ALWAYS_SEARCH_USER_PATHS = NO;
				CLANG_CXX_LANGUAGE_STANDARD = "gnu++0x";
				CLANG_CXX_LIBRARY = "libc++";
				CLANG_ENABLE_MODULES = YES;
				CLANG_ENABLE_OBJC_ARC = YES;
				CLANG_WARN_BOOL_CONVERSION = YES;
				CLANG_WARN_CONSTANT_CONVERSION = YES;
				CLANG_WARN_DIRECT_OBJC_ISA_USAGE = YES_ERROR;
				CLANG_WARN_EMPTY_BODY = YES;
				CLANG_WARN_ENUM_CONVERSION = YES;
				CLANG_WARN_INT_CONVERSION = YES;
				CLANG_WARN_OBJC_ROOT_CLASS = YES_ERROR;
				CLANG_WARN_UNREACHABLE_CODE = YES;
				CLANG_WARN__DUPLICATE_METHOD_MATCH = YES;
				"CODE_SIGN_IDENTITY[sdk=iphoneos*]" = "iPhone Developer";
				COPY_PHASE_STRIP = YES;
				ENABLE_NS_ASSERTIONS = NO;
				ENABLE_STRICT_OBJC_MSGSEND = YES;
				GCC_C_LANGUAGE_STANDARD = gnu99;
				GCC_WARN_64_TO_32_BIT_CONVERSION = YES;
				GCC_WARN_ABOUT_RETURN_TYPE = YES_ERROR;
				GCC_WARN_UNDECLARED_SELECTOR = YES;
				GCC_WARN_UNINITIALIZED_AUTOS = YES_AGGRESSIVE;
				GCC_WARN_UNUSED_FUNCTION = YES;
				GCC_WARN_UNUSED_VARIABLE = YES;
				IPHONEOS_DEPLOYMENT_TARGET = 8.1;
				MTL_ENABLE_DEBUG_INFO = NO;
				SDKROOT = iphoneos;
				VALIDATE_PRODUCT = YES;
			};
			name = Release;
		};
		F9F6E3DF1A9A267D00707417 /* Debug */ = {
			isa = XCBuildConfiguration;
			buildSettings = {
				ASSETCATALOG_COMPILER_APPICON_NAME = AppIcon;
				ASSETCATALOG_COMPILER_LAUNCHIMAGE_NAME = LaunchImage;
				CODE_SIGN_IDENTITY = "iPhone Developer";
				EMBEDDED_CONTENT_CONTAINS_SWIFT = YES;
				FRAMEWORK_SEARCH_PATHS = (
					"$(inherited)",
					"$(PROJECT_DIR)/LetsDrop",
					"$(PROJECT_DIR)",
				);
				INFOPLIST_FILE = LetsDrop/Info.plist;
				IPHONEOS_DEPLOYMENT_TARGET = 8.1;
				LD_RUNPATH_SEARCH_PATHS = "$(inherited) @executable_path/Frameworks";
				PRODUCT_NAME = "$(TARGET_NAME)";
				SWIFT_OBJC_BRIDGING_HEADER = "LetsDrop/LetsDrop-Bridging-Header.h";
			};
			name = Debug;
		};
		F9F6E3E01A9A267D00707417 /* Release */ = {
			isa = XCBuildConfiguration;
			buildSettings = {
				ASSETCATALOG_COMPILER_APPICON_NAME = AppIcon;
				ASSETCATALOG_COMPILER_LAUNCHIMAGE_NAME = LaunchImage;
				CODE_SIGN_IDENTITY = "iPhone Developer";
				EMBEDDED_CONTENT_CONTAINS_SWIFT = YES;
				FRAMEWORK_SEARCH_PATHS = (
					"$(inherited)",
					"$(PROJECT_DIR)/LetsDrop",
					"$(PROJECT_DIR)",
				);
				INFOPLIST_FILE = LetsDrop/Info.plist;
				IPHONEOS_DEPLOYMENT_TARGET = 8.1;
				LD_RUNPATH_SEARCH_PATHS = "$(inherited) @executable_path/Frameworks";
				PRODUCT_NAME = "$(TARGET_NAME)";
				SWIFT_OBJC_BRIDGING_HEADER = "LetsDrop/LetsDrop-Bridging-Header.h";
			};
			name = Release;
		};
		F9F6E3E21A9A267D00707417 /* Debug */ = {
			isa = XCBuildConfiguration;
			buildSettings = {
				BUNDLE_LOADER = "$(TEST_HOST)";
				FRAMEWORK_SEARCH_PATHS = (
					"$(SDKROOT)/Developer/Library/Frameworks",
					"$(inherited)",
				);
				GCC_PREPROCESSOR_DEFINITIONS = (
					"DEBUG=1",
					"$(inherited)",
				);
				INFOPLIST_FILE = LetsDropTests/Info.plist;
				LD_RUNPATH_SEARCH_PATHS = "$(inherited) @executable_path/Frameworks @loader_path/Frameworks";
				PRODUCT_NAME = "$(TARGET_NAME)";
				TEST_HOST = "$(BUILT_PRODUCTS_DIR)/LetsDrop.app/LetsDrop";
			};
			name = Debug;
		};
		F9F6E3E31A9A267D00707417 /* Release */ = {
			isa = XCBuildConfiguration;
			buildSettings = {
				BUNDLE_LOADER = "$(TEST_HOST)";
				FRAMEWORK_SEARCH_PATHS = (
					"$(SDKROOT)/Developer/Library/Frameworks",
					"$(inherited)",
				);
				INFOPLIST_FILE = LetsDropTests/Info.plist;
				LD_RUNPATH_SEARCH_PATHS = "$(inherited) @executable_path/Frameworks @loader_path/Frameworks";
				PRODUCT_NAME = "$(TARGET_NAME)";
				TEST_HOST = "$(BUILT_PRODUCTS_DIR)/LetsDrop.app/LetsDrop";
			};
			name = Release;
		};
/* End XCBuildConfiguration section */

/* Begin XCConfigurationList section */
		F9F6E3B71A9A267D00707417 /* Build configuration list for PBXProject "LetsDrop" */ = {
			isa = XCConfigurationList;
			buildConfigurations = (
				F9F6E3DC1A9A267D00707417 /* Debug */,
				F9F6E3DD1A9A267D00707417 /* Release */,
			);
			defaultConfigurationIsVisible = 0;
			defaultConfigurationName = Release;
		};
		F9F6E3DE1A9A267D00707417 /* Build configuration list for PBXNativeTarget "LetsDrop" */ = {
			isa = XCConfigurationList;
			buildConfigurations = (
				F9F6E3DF1A9A267D00707417 /* Debug */,
				F9F6E3E01A9A267D00707417 /* Release */,
			);
			defaultConfigurationIsVisible = 0;
			defaultConfigurationName = Release;
		};
		F9F6E3E11A9A267D00707417 /* Build configuration list for PBXNativeTarget "LetsDropTests" */ = {
			isa = XCConfigurationList;
			buildConfigurations = (
				F9F6E3E21A9A267D00707417 /* Debug */,
				F9F6E3E31A9A267D00707417 /* Release */,
			);
			defaultConfigurationIsVisible = 0;
			defaultConfigurationName = Release;
		};
/* End XCConfigurationList section */

/* Begin XCVersionGroup section */
		F9F6E3C31A9A267D00707417 /* LetsDrop.xcdatamodeld */ = {
			isa = XCVersionGroup;
			children = (
				F9F6E3C41A9A267D00707417 /* LetsDrop.xcdatamodel */,
			);
			currentVersion = F9F6E3C41A9A267D00707417 /* LetsDrop.xcdatamodel */;
			path = LetsDrop.xcdatamodeld;
			sourceTree = "<group>";
			versionGroupType = wrapper.xcdatamodel;
		};
/* End XCVersionGroup section */
	};
	rootObject = F9F6E3B41A9A267D00707417 /* Project object */;
}
